
Microsoft Visual Studio Solution File, Format Version 12.00
# Visual Studio 2013
VisualStudioVersion = 12.0.21005.1
MinimumVisualStudioVersion = 10.0.40219.1
Project("{FAE04EC0-301F-11D3-BF4B-00C04F79EFBC}") = "1.Odd or Even", "Odd or Even\1.Odd or Even.csproj", "{7C2557E8-CA20-4399-B107-050F0BA9CF74}"
EndProject
Project("{FAE04EC0-301F-11D3-BF4B-00C04F79EFBC}") = "15", "ConsoleApplication1\15.csproj", "{A9218019-B56C-4BB3-BD56-A209DC692C90}"
EndProject
Project("{FAE04EC0-301F-11D3-BF4B-00C04F79EFBC}") = "BitWise operators", "BitWise operators\BitWise operators.csproj", "{70C4506A-C139-43D1-815D-E86FB6A6582F}"
EndProject
Project("{FAE04EC0-301F-11D3-BF4B-00C04F79EFBC}") = "MoonGravity", "MoonGravity\MoonGravity.csproj", "{2CDC4B68-BB04-44C5-987A-7A9F03E23C9B}"
EndProject
Project("{FAE04EC0-301F-11D3-BF4B-00C04F79EFBC}") = "DivideBy", "DivideBy\DivideBy.csproj", "{8F80982C-C700-4B1A-9C60-2DCFF6BBF7A1}"
EndProject
Project("{FAE04EC0-301F-11D3-BF4B-00C04F79EFBC}") = "N-thBit", "N-thBit\N-thBit.csproj", "{49F61C6B-36D8-4229-ABC0-A0ABCC90590F}"
EndProject
Project("{FAE04EC0-301F-11D3-BF4B-00C04F79EFBC}") = "BitModify", "BitModify\BitModify.csproj", "{13647963-A7C0-452F-92C9-0F6CA52A816A}"
EndProject
Project("{FAE04EC0-301F-11D3-BF4B-00C04F79EFBC}") = "3thBit", "3thBit\3thBit.csproj", "{AE0941DA-4C8B-4891-BBE9-AF9C20E546CE}"
EndProject
Project("{FAE04EC0-301F-11D3-BF4B-00C04F79EFBC}") = "NthBitV2", "NthBitV2\NthBitV2.csproj", "{B43FFD0C-F6E7-459C-BF62-38A7CA7C3A15}"
EndProject
Project("{FAE04EC0-301F-11D3-BF4B-00C04F79EFBC}") = "NthDigit", "NthDigit\NthDigit.csproj", "{C0CB262A-C1B0-4E91-9321-9F955AFFA532}"
EndProject
Project("{FAE04EC0-301F-11D3-BF4B-00C04F79EFBC}") = "Dividable", "Dividable\Dividable.csproj", "{FECE4C37-4085-417B-8063-2F7A447B9F7F}"
EndProject
Project("{FAE04EC0-301F-11D3-BF4B-00C04F79EFBC}") = "Rectangle", "Rectangle\Rectangle.csproj", "{BA0DECE5-995E-45EB-A127-90B370ABD383}"
EndProject
Project("{FAE04EC0-301F-11D3-BF4B-00C04F79EFBC}") = "DigitPlacement", "DigitPlacement\DigitPlacement.csproj", "{258B82BC-DC03-41CA-B824-A154BB1AA8EB}"
EndProject
Project("{FAE04EC0-301F-11D3-BF4B-00C04F79EFBC}") = "CircleSpan", "CircleSpan\CircleSpan.csproj", "{EA0554D5-8BBE-4E43-91A4-93A75004BC3F}"
EndProject
Project("{FAE04EC0-301F-11D3-BF4B-00C04F79EFBC}") = "PrimeCheck", "PrimeCheck\PrimeCheck.csproj", "{1B809582-CD83-471D-9D9A-6DEA48AD9B95}"
EndProject
Project("{FAE04EC0-301F-11D3-BF4B-00C04F79EFBC}") = "PrimeCheckV2", "PrimeCheckV2\PrimeCheckV2.csproj", "{A193DB31-DCEB-4C9B-9B15-362BBEF3BED2}"
EndProject
Project("{FAE04EC0-301F-11D3-BF4B-00C04F79EFBC}") = "Trapezoid", "Trapezoid\Trapezoid.csproj", "{BD9FD4EC-709F-453B-9CB5-50B650E0C8E5}"
EndProject
Project("{FAE04EC0-301F-11D3-BF4B-00C04F79EFBC}") = "PointInObjects", "ObjectsPoint\PointInObjects.csproj", "{C710E377-4786-44E6-BC0F-2AE473CB7F4B}"
EndProject
Project("{FAE04EC0-301F-11D3-BF4B-00C04F79EFBC}") = "BitExchange", "BitExchange\BitExchange.csproj", "{FCA83FAF-C967-4D80-A27A-DF7F46F01422}"
EndProject
Project("{FAE04EC0-301F-11D3-BF4B-00C04F79EFBC}") = "Test1", "Test1\Test1.csproj", "{5A913C71-0004-4D1F-B3FD-D0A0B76E352C}"
EndProject
Project("{FAE04EC0-301F-11D3-BF4B-00C04F79EFBC}") = "BitSwap", "BitSwap\BitSwap.csproj", "{74C18ED8-5514-4B83-B788-C3D3D4CDD5F5}"
EndProject
Global
	GlobalSection(SolutionConfigurationPlatforms) = preSolution
		Debug|Any CPU = Debug|Any CPU
		Release|Any CPU = Release|Any CPU
	EndGlobalSection
	GlobalSection(ProjectConfigurationPlatforms) = postSolution
		{7C2557E8-CA20-4399-B107-050F0BA9CF74}.Debug|Any CPU.ActiveCfg = Debug|Any CPU
		{7C2557E8-CA20-4399-B107-050F0BA9CF74}.Debug|Any CPU.Build.0 = Debug|Any CPU
		{7C2557E8-CA20-4399-B107-050F0BA9CF74}.Release|Any CPU.ActiveCfg = Release|Any CPU
		{7C2557E8-CA20-4399-B107-050F0BA9CF74}.Release|Any CPU.Build.0 = Release|Any CPU
		{A9218019-B56C-4BB3-BD56-A209DC692C90}.Debug|Any CPU.ActiveCfg = Debug|Any CPU
		{A9218019-B56C-4BB3-BD56-A209DC692C90}.Debug|Any CPU.Build.0 = Debug|Any CPU
		{A9218019-B56C-4BB3-BD56-A209DC692C90}.Release|Any CPU.ActiveCfg = Release|Any CPU
		{A9218019-B56C-4BB3-BD56-A209DC692C90}.Release|Any CPU.Build.0 = Release|Any CPU
		{70C4506A-C139-43D1-815D-E86FB6A6582F}.Debug|Any CPU.ActiveCfg = Debug|Any CPU
		{70C4506A-C139-43D1-815D-E86FB6A6582F}.Debug|Any CPU.Build.0 = Debug|Any CPU
		{70C4506A-C139-43D1-815D-E86FB6A6582F}.Release|Any CPU.ActiveCfg = Release|Any CPU
		{70C4506A-C139-43D1-815D-E86FB6A6582F}.Release|Any CPU.Build.0 = Release|Any CPU
		{2CDC4B68-BB04-44C5-987A-7A9F03E23C9B}.Debug|Any CPU.ActiveCfg = Debug|Any CPU
		{2CDC4B68-BB04-44C5-987A-7A9F03E23C9B}.Debug|Any CPU.Build.0 = Debug|Any CPU
		{2CDC4B68-BB04-44C5-987A-7A9F03E23C9B}.Release|Any CPU.ActiveCfg = Release|Any CPU
		{2CDC4B68-BB04-44C5-987A-7A9F03E23C9B}.Release|Any CPU.Build.0 = Release|Any CPU
		{8F80982C-C700-4B1A-9C60-2DCFF6BBF7A1}.Debug|Any CPU.ActiveCfg = Debug|Any CPU
		{8F80982C-C700-4B1A-9C60-2DCFF6BBF7A1}.Debug|Any CPU.Build.0 = Debug|Any CPU
		{8F80982C-C700-4B1A-9C60-2DCFF6BBF7A1}.Release|Any CPU.ActiveCfg = Release|Any CPU
		{8F80982C-C700-4B1A-9C60-2DCFF6BBF7A1}.Release|Any CPU.Build.0 = Release|Any CPU
		{49F61C6B-36D8-4229-ABC0-A0ABCC90590F}.Debug|Any CPU.ActiveCfg = Debug|Any CPU
		{49F61C6B-36D8-4229-ABC0-A0ABCC90590F}.Debug|Any CPU.Build.0 = Debug|Any CPU
		{49F61C6B-36D8-4229-ABC0-A0ABCC90590F}.Release|Any CPU.ActiveCfg = Release|Any CPU
		{49F61C6B-36D8-4229-ABC0-A0ABCC90590F}.Release|Any CPU.Build.0 = Release|Any CPU
		{13647963-A7C0-452F-92C9-0F6CA52A816A}.Debug|Any CPU.ActiveCfg = Debug|Any CPU
		{13647963-A7C0-452F-92C9-0F6CA52A816A}.Debug|Any CPU.Build.0 = Debug|Any CPU
		{13647963-A7C0-452F-92C9-0F6CA52A816A}.Release|Any CPU.ActiveCfg = Release|Any CPU
		{13647963-A7C0-452F-92C9-0F6CA52A816A}.Release|Any CPU.Build.0 = Release|Any CPU
		{AE0941DA-4C8B-4891-BBE9-AF9C20E546CE}.Debug|Any CPU.ActiveCfg = Debug|Any CPU
		{AE0941DA-4C8B-4891-BBE9-AF9C20E546CE}.Debug|Any CPU.Build.0 = Debug|Any CPU
		{AE0941DA-4C8B-4891-BBE9-AF9C20E546CE}.Release|Any CPU.ActiveCfg = Release|Any CPU
		{AE0941DA-4C8B-4891-BBE9-AF9C20E546CE}.Release|Any CPU.Build.0 = Release|Any CPU
		{B43FFD0C-F6E7-459C-BF62-38A7CA7C3A15}.Debug|Any CPU.ActiveCfg = Debug|Any CPU
		{B43FFD0C-F6E7-459C-BF62-38A7CA7C3A15}.Debug|Any CPU.Build.0 = Debug|Any CPU
		{B43FFD0C-F6E7-459C-BF62-38A7CA7C3A15}.Release|Any CPU.ActiveCfg = Release|Any CPU
		{B43FFD0C-F6E7-459C-BF62-38A7CA7C3A15}.Release|Any CPU.Build.0 = Release|Any CPU
		{C0CB262A-C1B0-4E91-9321-9F955AFFA532}.Debug|Any CPU.ActiveCfg = Debug|Any CPU
		{C0CB262A-C1B0-4E91-9321-9F955AFFA532}.Debug|Any CPU.Build.0 = Debug|Any CPU
		{C0CB262A-C1B0-4E91-9321-9F955AFFA532}.Release|Any CPU.ActiveCfg = Release|Any CPU
		{C0CB262A-C1B0-4E91-9321-9F955AFFA532}.Release|Any CPU.Build.0 = Release|Any CPU
		{FECE4C37-4085-417B-8063-2F7A447B9F7F}.Debug|Any CPU.ActiveCfg = Debug|Any CPU
		{FECE4C37-4085-417B-8063-2F7A447B9F7F}.Debug|Any CPU.Build.0 = Debug|Any CPU
		{FECE4C37-4085-417B-8063-2F7A447B9F7F}.Release|Any CPU.ActiveCfg = Release|Any CPU
		{FECE4C37-4085-417B-8063-2F7A447B9F7F}.Release|Any CPU.Build.0 = Release|Any CPU
		{BA0DECE5-995E-45EB-A127-90B370ABD383}.Debug|Any CPU.ActiveCfg = Debug|Any CPU
		{BA0DECE5-995E-45EB-A127-90B370ABD383}.Debug|Any CPU.Build.0 = Debug|Any CPU
		{BA0DECE5-995E-45EB-A127-90B370ABD383}.Release|Any CPU.ActiveCfg = Release|Any CPU
		{BA0DECE5-995E-45EB-A127-90B370ABD383}.Release|Any CPU.Build.0 = Release|Any CPU
		{258B82BC-DC03-41CA-B824-A154BB1AA8EB}.Debug|Any CPU.ActiveCfg = Debug|Any CPU
		{258B82BC-DC03-41CA-B824-A154BB1AA8EB}.Debug|Any CPU.Build.0 = Debug|Any CPU
		{258B82BC-DC03-41CA-B824-A154BB1AA8EB}.Release|Any CPU.ActiveCfg = Release|Any CPU
		{258B82BC-DC03-41CA-B824-A154BB1AA8EB}.Release|Any CPU.Build.0 = Release|Any CPU
		{EA0554D5-8BBE-4E43-91A4-93A75004BC3F}.Debug|Any CPU.ActiveCfg = Debug|Any CPU
		{EA0554D5-8BBE-4E43-91A4-93A75004BC3F}.Debug|Any CPU.Build.0 = Debug|Any CPU
		{EA0554D5-8BBE-4E43-91A4-93A75004BC3F}.Release|Any CPU.ActiveCfg = Release|Any CPU
		{EA0554D5-8BBE-4E43-91A4-93A75004BC3F}.Release|Any CPU.Build.0 = Release|Any CPU
		{1B809582-CD83-471D-9D9A-6DEA48AD9B95}.Debug|Any CPU.ActiveCfg = Debug|Any CPU
		{1B809582-CD83-471D-9D9A-6DEA48AD9B95}.Debug|Any CPU.Build.0 = Debug|Any CPU
		{1B809582-CD83-471D-9D9A-6DEA48AD9B95}.Release|Any CPU.ActiveCfg = Release|Any CPU
		{1B809582-CD83-471D-9D9A-6DEA48AD9B95}.Release|Any CPU.Build.0 = Release|Any CPU
		{A193DB31-DCEB-4C9B-9B15-362BBEF3BED2}.Debug|Any CPU.ActiveCfg = Debug|Any CPU
		{A193DB31-DCEB-4C9B-9B15-362BBEF3BED2}.Debug|Any CPU.Build.0 = Debug|Any CPU
		{A193DB31-DCEB-4C9B-9B15-362BBEF3BED2}.Release|Any CPU.ActiveCfg = Release|Any CPU
		{A193DB31-DCEB-4C9B-9B15-362BBEF3BED2}.Release|Any CPU.Build.0 = Release|Any CPU
		{BD9FD4EC-709F-453B-9CB5-50B650E0C8E5}.Debug|Any CPU.ActiveCfg = Debug|Any CPU
		{BD9FD4EC-709F-453B-9CB5-50B650E0C8E5}.Debug|Any CPU.Build.0 = Debug|Any CPU
		{BD9FD4EC-709F-453B-9CB5-50B650E0C8E5}.Release|Any CPU.ActiveCfg = Release|Any CPU
		{BD9FD4EC-709F-453B-9CB5-50B650E0C8E5}.Release|Any CPU.Build.0 = Release|Any CPU
		{C710E377-4786-44E6-BC0F-2AE473CB7F4B}.Debug|Any CPU.ActiveCfg = Debug|Any CPU
		{C710E377-4786-44E6-BC0F-2AE473CB7F4B}.Debug|Any CPU.Build.0 = Debug|Any CPU
		{C710E377-4786-44E6-BC0F-2AE473CB7F4B}.Release|Any CPU.ActiveCfg = Release|Any CPU
		{C710E377-4786-44E6-BC0F-2AE473CB7F4B}.Release|Any CPU.Build.0 = Release|Any CPU
		{FCA83FAF-C967-4D80-A27A-DF7F46F01422}.Debug|Any CPU.ActiveCfg = Debug|Any CPU
		{FCA83FAF-C967-4D80-A27A-DF7F46F01422}.Debug|Any CPU.Build.0 = Debug|Any CPU
		{FCA83FAF-C967-4D80-A27A-DF7F46F01422}.Release|Any CPU.ActiveCfg = Release|Any CPU
		{FCA83FAF-C967-4D80-A27A-DF7F46F01422}.Release|Any CPU.Build.0 = Release|Any CPU
		{5A913C71-0004-4D1F-B3FD-D0A0B76E352C}.Debug|Any CPU.ActiveCfg = Debug|Any CPU
		{5A913C71-0004-4D1F-B3FD-D0A0B76E352C}.Debug|Any CPU.Build.0 = Debug|Any CPU
		{5A913C71-0004-4D1F-B3FD-D0A0B76E352C}.Release|Any CPU.ActiveCfg = Release|Any CPU
		{5A913C71-0004-4D1F-B3FD-D0A0B76E352C}.Release|Any CPU.Build.0 = Release|Any CPU
		{74C18ED8-5514-4B83-B788-C3D3D4CDD5F5}.Debug|Any CPU.ActiveCfg = Debug|Any CPU
		{74C18ED8-5514-4B83-B788-C3D3D4CDD5F5}.Debug|Any CPU.Build.0 = Debug|Any CPU
		{74C18ED8-5514-4B83-B788-C3D3D4CDD5F5}.Release|Any CPU.ActiveCfg = Release|Any CPU
		{74C18ED8-5514-4B83-B788-C3D3D4CDD5F5}.Release|Any CPU.Build.0 = Release|Any CPU
	EndGlobalSection
	GlobalSection(SolutionProperties) = preSolution
		HideSolutionNode = FALSE
	EndGlobalSection
EndGlobal
