
Microsoft Visual Studio Solution File, Format Version 12.00
# Visual Studio 2013
VisualStudioVersion = 12.0.21005.1
MinimumVisualStudioVersion = 10.0.40219.1
Project("{FAE04EC0-301F-11D3-BF4B-00C04F79EFBC}") = "Multiplication_sign", "..\Multiplication_sign\Multiplication_sign.csproj", "{F4428950-5E02-463D-BF34-4782B0754CEB}"
EndProject
Project("{FAE04EC0-301F-11D3-BF4B-00C04F79EFBC}") = "IsItCard", "IsItCard\IsItCard.csproj", "{18E105C9-D1C3-4AB2-AA70-7279E8D89A3E}"
EndProject
Project("{FAE04EC0-301F-11D3-BF4B-00C04F79EFBC}") = "ExchangeIf", "ExchangeIf\ExchangeIf.csproj", "{7B9BE402-79B2-46AD-8FC7-813647EABB7A}"
EndProject
Project("{FAE04EC0-301F-11D3-BF4B-00C04F79EFBC}") = "AddBonus", "AddBonus\AddBonus.csproj", "{EC5EB229-1B42-4F13-9F6C-7E29B308475F}"
EndProject
Project("{FAE04EC0-301F-11D3-BF4B-00C04F79EFBC}") = "CompareFloats1", "CompareFloats1\CompareFloats1.csproj", "{DD90482C-07F7-44DE-8710-B5530F7D3DE3}"
EndProject
Project("{FAE04EC0-301F-11D3-BF4B-00C04F79EFBC}") = "CompareManyFlaots", "CompareManyFlaots\CompareManyFlaots.csproj", "{79B4FA21-5C1F-4797-A8B0-05281BD8D0A6}"
EndProject
Project("{FAE04EC0-301F-11D3-BF4B-00C04F79EFBC}") = "SortN", "SortN\SortN.csproj", "{7426A972-8A82-4205-8F5C-8AAE235EF4EF}"
EndProject
Project("{FAE04EC0-301F-11D3-BF4B-00C04F79EFBC}") = "DigitAsWord", "DigitAsWord\DigitAsWord.csproj", "{9611F1B3-E70A-4024-B265-2580AC51B145}"
EndProject
Project("{FAE04EC0-301F-11D3-BF4B-00C04F79EFBC}") = "IntDoubleString", "IntDoubleString\IntDoubleString.csproj", "{29590FC1-B46A-4C7E-8504-92DCE4A1D447}"
EndProject
Global
	GlobalSection(SolutionConfigurationPlatforms) = preSolution
		Debug|Any CPU = Debug|Any CPU
		Release|Any CPU = Release|Any CPU
	EndGlobalSection
	GlobalSection(ProjectConfigurationPlatforms) = postSolution
		{F4428950-5E02-463D-BF34-4782B0754CEB}.Debug|Any CPU.ActiveCfg = Debug|Any CPU
		{F4428950-5E02-463D-BF34-4782B0754CEB}.Debug|Any CPU.Build.0 = Debug|Any CPU
		{F4428950-5E02-463D-BF34-4782B0754CEB}.Release|Any CPU.ActiveCfg = Release|Any CPU
		{F4428950-5E02-463D-BF34-4782B0754CEB}.Release|Any CPU.Build.0 = Release|Any CPU
		{18E105C9-D1C3-4AB2-AA70-7279E8D89A3E}.Debug|Any CPU.ActiveCfg = Debug|Any CPU
		{18E105C9-D1C3-4AB2-AA70-7279E8D89A3E}.Debug|Any CPU.Build.0 = Debug|Any CPU
		{18E105C9-D1C3-4AB2-AA70-7279E8D89A3E}.Release|Any CPU.ActiveCfg = Release|Any CPU
		{18E105C9-D1C3-4AB2-AA70-7279E8D89A3E}.Release|Any CPU.Build.0 = Release|Any CPU
		{7B9BE402-79B2-46AD-8FC7-813647EABB7A}.Debug|Any CPU.ActiveCfg = Debug|Any CPU
		{7B9BE402-79B2-46AD-8FC7-813647EABB7A}.Debug|Any CPU.Build.0 = Debug|Any CPU
		{7B9BE402-79B2-46AD-8FC7-813647EABB7A}.Release|Any CPU.ActiveCfg = Release|Any CPU
		{7B9BE402-79B2-46AD-8FC7-813647EABB7A}.Release|Any CPU.Build.0 = Release|Any CPU
		{EC5EB229-1B42-4F13-9F6C-7E29B308475F}.Debug|Any CPU.ActiveCfg = Debug|Any CPU
		{EC5EB229-1B42-4F13-9F6C-7E29B308475F}.Debug|Any CPU.Build.0 = Debug|Any CPU
		{EC5EB229-1B42-4F13-9F6C-7E29B308475F}.Release|Any CPU.ActiveCfg = Release|Any CPU
		{EC5EB229-1B42-4F13-9F6C-7E29B308475F}.Release|Any CPU.Build.0 = Release|Any CPU
		{DD90482C-07F7-44DE-8710-B5530F7D3DE3}.Debug|Any CPU.ActiveCfg = Debug|Any CPU
		{DD90482C-07F7-44DE-8710-B5530F7D3DE3}.Debug|Any CPU.Build.0 = Debug|Any CPU
		{DD90482C-07F7-44DE-8710-B5530F7D3DE3}.Release|Any CPU.ActiveCfg = Release|Any CPU
		{DD90482C-07F7-44DE-8710-B5530F7D3DE3}.Release|Any CPU.Build.0 = Release|Any CPU
		{79B4FA21-5C1F-4797-A8B0-05281BD8D0A6}.Debug|Any CPU.ActiveCfg = Debug|Any CPU
		{79B4FA21-5C1F-4797-A8B0-05281BD8D0A6}.Debug|Any CPU.Build.0 = Debug|Any CPU
		{79B4FA21-5C1F-4797-A8B0-05281BD8D0A6}.Release|Any CPU.ActiveCfg = Release|Any CPU
		{79B4FA21-5C1F-4797-A8B0-05281BD8D0A6}.Release|Any CPU.Build.0 = Release|Any CPU
		{7426A972-8A82-4205-8F5C-8AAE235EF4EF}.Debug|Any CPU.ActiveCfg = Debug|Any CPU
		{7426A972-8A82-4205-8F5C-8AAE235EF4EF}.Debug|Any CPU.Build.0 = Debug|Any CPU
		{7426A972-8A82-4205-8F5C-8AAE235EF4EF}.Release|Any CPU.ActiveCfg = Release|Any CPU
		{7426A972-8A82-4205-8F5C-8AAE235EF4EF}.Release|Any CPU.Build.0 = Release|Any CPU
		{9611F1B3-E70A-4024-B265-2580AC51B145}.Debug|Any CPU.ActiveCfg = Debug|Any CPU
		{9611F1B3-E70A-4024-B265-2580AC51B145}.Debug|Any CPU.Build.0 = Debug|Any CPU
		{9611F1B3-E70A-4024-B265-2580AC51B145}.Release|Any CPU.ActiveCfg = Release|Any CPU
		{9611F1B3-E70A-4024-B265-2580AC51B145}.Release|Any CPU.Build.0 = Release|Any CPU
		{29590FC1-B46A-4C7E-8504-92DCE4A1D447}.Debug|Any CPU.ActiveCfg = Debug|Any CPU
		{29590FC1-B46A-4C7E-8504-92DCE4A1D447}.Debug|Any CPU.Build.0 = Debug|Any CPU
		{29590FC1-B46A-4C7E-8504-92DCE4A1D447}.Release|Any CPU.ActiveCfg = Release|Any CPU
		{29590FC1-B46A-4C7E-8504-92DCE4A1D447}.Release|Any CPU.Build.0 = Release|Any CPU
	EndGlobalSection
	GlobalSection(SolutionProperties) = preSolution
		HideSolutionNode = FALSE
	EndGlobalSection
EndGlobal
