
Microsoft Visual Studio Solution File, Format Version 12.00
# Visual Studio 2013
VisualStudioVersion = 12.0.21005.1
MinimumVisualStudioVersion = 10.0.40219.1
Project("{FAE04EC0-301F-11D3-BF4B-00C04F79EFBC}") = "1.From1toN", "From1toN\1.From1toN.csproj", "{074D9DBC-6F26-4096-8FAA-4C2F397D74ED}"
EndProject
Project("{FAE04EC0-301F-11D3-BF4B-00C04F79EFBC}") = "2.Not Divisible Numbers", "Not Divisible Numbers\2.Not Divisible Numbers.csproj", "{41065EA3-EBDC-47A1-AE32-6A93B1C87BCB}"
EndProject
Project("{FAE04EC0-301F-11D3-BF4B-00C04F79EFBC}") = "3.MinMaxSumAvarageOfNNs", "MinMaxSumAvarageOfNNumbers\3.MinMaxSumAvarageOfNNs.csproj", "{C90F996A-64E2-401F-ACAF-3B3EB3A193B6}"
EndProject
Project("{FAE04EC0-301F-11D3-BF4B-00C04F79EFBC}") = "4.Deck5", "CardDeck1\4.Deck5.csproj", "{C0A4BF5A-2A4E-4C03-83CD-9FAFFAA9D976}"
EndProject
Project("{FAE04EC0-301F-11D3-BF4B-00C04F79EFBC}") = "4.Deck!", "CardDeck2\4.Deck!.csproj", "{B486F232-CC01-4FC9-8A7F-E85E1F4E533E}"
EndProject
Project("{FAE04EC0-301F-11D3-BF4B-00C04F79EFBC}") = "3. MMSA", "test\3. MMSA.csproj", "{AA1D65AF-C939-4994-A8ED-3AB9C147EFD8}"
EndProject
Project("{FAE04EC0-301F-11D3-BF4B-00C04F79EFBC}") = "1NxN", "1NxN\1NxN.csproj", "{803EBDE7-06EE-407C-9B16-8C3870C43D09}"
EndProject
Project("{FAE04EC0-301F-11D3-BF4B-00C04F79EFBC}") = "11 Bin2Dec", "Bin2Dec\11 Bin2Dec.csproj", "{710EBB91-80A0-4B13-BBD9-033A012869BC}"
EndProject
Project("{FAE04EC0-301F-11D3-BF4B-00C04F79EFBC}") = "8. Catalan Numbers", "Catalan Numbers\8. Catalan Numbers.csproj", "{ACC29070-AB88-4EA2-B270-7AAC34AF865A}"
EndProject
Project("{FAE04EC0-301F-11D3-BF4B-00C04F79EFBC}") = "12 Dec2Bin", "Dec2Bin\12 Dec2Bin.csproj", "{834C7C8E-8FF9-4C2B-B188-EF67133B25B8}"
EndProject
Project("{FAE04EC0-301F-11D3-BF4B-00C04F79EFBC}") = "13 Dec2Hex", "Dec2Hex\13 Dec2Hex.csproj", "{71E72356-0E9D-474D-A747-811C71B4987F}"
EndProject
Project("{FAE04EC0-301F-11D3-BF4B-00C04F79EFBC}") = "6. Factorial Dvivision", "Factorial\6. Factorial Dvivision.csproj", "{9669104E-B408-408B-85CD-5AFE55EA8B24}"
EndProject
Project("{FAE04EC0-301F-11D3-BF4B-00C04F79EFBC}") = "7. Factorial in Combinatorics", "Formula1\7. Factorial in Combinatorics.csproj", "{AFD838B8-3CF7-4876-8648-4F8D53B4EF10}"
EndProject
Project("{FAE04EC0-301F-11D3-BF4B-00C04F79EFBC}") = "15 GCD", "GCD\15 GCD.csproj", "{7B33B47E-F472-4DEF-9059-94D637967DE9}"
EndProject
Project("{FAE04EC0-301F-11D3-BF4B-00C04F79EFBC}") = "14 Hex2Dec", "Hex2Dec\14 Hex2Dec.csproj", "{A18D487D-9578-4C28-9EAB-B3DF12C80673}"
EndProject
Project("{FAE04EC0-301F-11D3-BF4B-00C04F79EFBC}") = "9 Matrix of Numbers", "Matrix of Numbers\9 Matrix of Numbers.csproj", "{5B1B5395-691C-4A78-AD86-A60B701DBADB}"
EndProject
Project("{FAE04EC0-301F-11D3-BF4B-00C04F79EFBC}") = "10 Odd Even Product", "Odd Even Product\10 Odd Even Product.csproj", "{E318645B-3B57-41C3-9226-A55F2966D899}"
EndProject
Project("{FAE04EC0-301F-11D3-BF4B-00C04F79EFBC}") = "Spiral", "Spiral\Spiral.csproj", "{D981C8DA-9371-4599-A00A-9DC297839199}"
EndProject
Project("{FAE04EC0-301F-11D3-BF4B-00C04F79EFBC}") = "16 Trailing 0 in N", "Trailing 0 in N\16 Trailing 0 in N.csproj", "{B45E6B95-80DB-4691-AA86-7676E9BC21D1}"
EndProject
Project("{FAE04EC0-301F-11D3-BF4B-00C04F79EFBC}") = "4.Deck1", "4.Decks1\4.Deck1.csproj", "{60A03A53-13E7-411F-941E-284C20990B9A}"
EndProject
Project("{FAE04EC0-301F-11D3-BF4B-00C04F79EFBC}") = "4.Deck2", "Decks2\4.Deck2.csproj", "{FEDBF380-0CF8-4D31-B81C-134E668C083A}"
EndProject
Project("{FAE04EC0-301F-11D3-BF4B-00C04F79EFBC}") = "4.Deck3", "Decks3\4.Deck3.csproj", "{4D868053-C972-48E2-9022-FDD7A8318ED1}"
EndProject
Project("{FAE04EC0-301F-11D3-BF4B-00C04F79EFBC}") = "4.Deck4", "Decks4\4.Deck4.csproj", "{BDB0A2BD-47FB-4A0D-AFF5-18323CBDD11E}"
EndProject
Project("{FAE04EC0-301F-11D3-BF4B-00C04F79EFBC}") = "5.Nfact Dev X toP N", "Nfact Dev X toP N\5.Nfact Dev X toP N.csproj", "{3514D516-8691-4783-8B84-DC1638230758}"
EndProject
Project("{FAE04EC0-301F-11D3-BF4B-00C04F79EFBC}") = "9 Matrix challenge", "test1\9 Matrix challenge.csproj", "{A64BD042-5573-4CC0-84D9-EE306B19C320}"
EndProject
Project("{FAE04EC0-301F-11D3-BF4B-00C04F79EFBC}") = "9 Matrix", "Matrix\9 Matrix.csproj", "{37856341-7A1B-46BA-9F04-0B572E333415}"
EndProject
Global
	GlobalSection(SolutionConfigurationPlatforms) = preSolution
		Debug|Any CPU = Debug|Any CPU
		Release|Any CPU = Release|Any CPU
	EndGlobalSection
	GlobalSection(ProjectConfigurationPlatforms) = postSolution
		{074D9DBC-6F26-4096-8FAA-4C2F397D74ED}.Debug|Any CPU.ActiveCfg = Debug|Any CPU
		{074D9DBC-6F26-4096-8FAA-4C2F397D74ED}.Debug|Any CPU.Build.0 = Debug|Any CPU
		{074D9DBC-6F26-4096-8FAA-4C2F397D74ED}.Release|Any CPU.ActiveCfg = Release|Any CPU
		{074D9DBC-6F26-4096-8FAA-4C2F397D74ED}.Release|Any CPU.Build.0 = Release|Any CPU
		{41065EA3-EBDC-47A1-AE32-6A93B1C87BCB}.Debug|Any CPU.ActiveCfg = Debug|Any CPU
		{41065EA3-EBDC-47A1-AE32-6A93B1C87BCB}.Debug|Any CPU.Build.0 = Debug|Any CPU
		{41065EA3-EBDC-47A1-AE32-6A93B1C87BCB}.Release|Any CPU.ActiveCfg = Release|Any CPU
		{41065EA3-EBDC-47A1-AE32-6A93B1C87BCB}.Release|Any CPU.Build.0 = Release|Any CPU
		{C90F996A-64E2-401F-ACAF-3B3EB3A193B6}.Debug|Any CPU.ActiveCfg = Debug|Any CPU
		{C90F996A-64E2-401F-ACAF-3B3EB3A193B6}.Debug|Any CPU.Build.0 = Debug|Any CPU
		{C90F996A-64E2-401F-ACAF-3B3EB3A193B6}.Release|Any CPU.ActiveCfg = Release|Any CPU
		{C90F996A-64E2-401F-ACAF-3B3EB3A193B6}.Release|Any CPU.Build.0 = Release|Any CPU
		{C0A4BF5A-2A4E-4C03-83CD-9FAFFAA9D976}.Debug|Any CPU.ActiveCfg = Debug|Any CPU
		{C0A4BF5A-2A4E-4C03-83CD-9FAFFAA9D976}.Debug|Any CPU.Build.0 = Debug|Any CPU
		{C0A4BF5A-2A4E-4C03-83CD-9FAFFAA9D976}.Release|Any CPU.ActiveCfg = Release|Any CPU
		{C0A4BF5A-2A4E-4C03-83CD-9FAFFAA9D976}.Release|Any CPU.Build.0 = Release|Any CPU
		{B486F232-CC01-4FC9-8A7F-E85E1F4E533E}.Debug|Any CPU.ActiveCfg = Debug|Any CPU
		{B486F232-CC01-4FC9-8A7F-E85E1F4E533E}.Debug|Any CPU.Build.0 = Debug|Any CPU
		{B486F232-CC01-4FC9-8A7F-E85E1F4E533E}.Release|Any CPU.ActiveCfg = Release|Any CPU
		{B486F232-CC01-4FC9-8A7F-E85E1F4E533E}.Release|Any CPU.Build.0 = Release|Any CPU
		{AA1D65AF-C939-4994-A8ED-3AB9C147EFD8}.Debug|Any CPU.ActiveCfg = Debug|Any CPU
		{AA1D65AF-C939-4994-A8ED-3AB9C147EFD8}.Debug|Any CPU.Build.0 = Debug|Any CPU
		{AA1D65AF-C939-4994-A8ED-3AB9C147EFD8}.Release|Any CPU.ActiveCfg = Release|Any CPU
		{AA1D65AF-C939-4994-A8ED-3AB9C147EFD8}.Release|Any CPU.Build.0 = Release|Any CPU
		{803EBDE7-06EE-407C-9B16-8C3870C43D09}.Debug|Any CPU.ActiveCfg = Debug|Any CPU
		{803EBDE7-06EE-407C-9B16-8C3870C43D09}.Debug|Any CPU.Build.0 = Debug|Any CPU
		{803EBDE7-06EE-407C-9B16-8C3870C43D09}.Release|Any CPU.ActiveCfg = Release|Any CPU
		{803EBDE7-06EE-407C-9B16-8C3870C43D09}.Release|Any CPU.Build.0 = Release|Any CPU
		{710EBB91-80A0-4B13-BBD9-033A012869BC}.Debug|Any CPU.ActiveCfg = Debug|Any CPU
		{710EBB91-80A0-4B13-BBD9-033A012869BC}.Debug|Any CPU.Build.0 = Debug|Any CPU
		{710EBB91-80A0-4B13-BBD9-033A012869BC}.Release|Any CPU.ActiveCfg = Release|Any CPU
		{710EBB91-80A0-4B13-BBD9-033A012869BC}.Release|Any CPU.Build.0 = Release|Any CPU
		{ACC29070-AB88-4EA2-B270-7AAC34AF865A}.Debug|Any CPU.ActiveCfg = Debug|Any CPU
		{ACC29070-AB88-4EA2-B270-7AAC34AF865A}.Debug|Any CPU.Build.0 = Debug|Any CPU
		{ACC29070-AB88-4EA2-B270-7AAC34AF865A}.Release|Any CPU.ActiveCfg = Release|Any CPU
		{ACC29070-AB88-4EA2-B270-7AAC34AF865A}.Release|Any CPU.Build.0 = Release|Any CPU
		{834C7C8E-8FF9-4C2B-B188-EF67133B25B8}.Debug|Any CPU.ActiveCfg = Debug|Any CPU
		{834C7C8E-8FF9-4C2B-B188-EF67133B25B8}.Debug|Any CPU.Build.0 = Debug|Any CPU
		{834C7C8E-8FF9-4C2B-B188-EF67133B25B8}.Release|Any CPU.ActiveCfg = Release|Any CPU
		{834C7C8E-8FF9-4C2B-B188-EF67133B25B8}.Release|Any CPU.Build.0 = Release|Any CPU
		{71E72356-0E9D-474D-A747-811C71B4987F}.Debug|Any CPU.ActiveCfg = Debug|Any CPU
		{71E72356-0E9D-474D-A747-811C71B4987F}.Debug|Any CPU.Build.0 = Debug|Any CPU
		{71E72356-0E9D-474D-A747-811C71B4987F}.Release|Any CPU.ActiveCfg = Release|Any CPU
		{71E72356-0E9D-474D-A747-811C71B4987F}.Release|Any CPU.Build.0 = Release|Any CPU
		{9669104E-B408-408B-85CD-5AFE55EA8B24}.Debug|Any CPU.ActiveCfg = Debug|Any CPU
		{9669104E-B408-408B-85CD-5AFE55EA8B24}.Debug|Any CPU.Build.0 = Debug|Any CPU
		{9669104E-B408-408B-85CD-5AFE55EA8B24}.Release|Any CPU.ActiveCfg = Release|Any CPU
		{9669104E-B408-408B-85CD-5AFE55EA8B24}.Release|Any CPU.Build.0 = Release|Any CPU
		{AFD838B8-3CF7-4876-8648-4F8D53B4EF10}.Debug|Any CPU.ActiveCfg = Debug|Any CPU
		{AFD838B8-3CF7-4876-8648-4F8D53B4EF10}.Debug|Any CPU.Build.0 = Debug|Any CPU
		{AFD838B8-3CF7-4876-8648-4F8D53B4EF10}.Release|Any CPU.ActiveCfg = Release|Any CPU
		{AFD838B8-3CF7-4876-8648-4F8D53B4EF10}.Release|Any CPU.Build.0 = Release|Any CPU
		{7B33B47E-F472-4DEF-9059-94D637967DE9}.Debug|Any CPU.ActiveCfg = Debug|Any CPU
		{7B33B47E-F472-4DEF-9059-94D637967DE9}.Debug|Any CPU.Build.0 = Debug|Any CPU
		{7B33B47E-F472-4DEF-9059-94D637967DE9}.Release|Any CPU.ActiveCfg = Release|Any CPU
		{7B33B47E-F472-4DEF-9059-94D637967DE9}.Release|Any CPU.Build.0 = Release|Any CPU
		{A18D487D-9578-4C28-9EAB-B3DF12C80673}.Debug|Any CPU.ActiveCfg = Debug|Any CPU
		{A18D487D-9578-4C28-9EAB-B3DF12C80673}.Debug|Any CPU.Build.0 = Debug|Any CPU
		{A18D487D-9578-4C28-9EAB-B3DF12C80673}.Release|Any CPU.ActiveCfg = Release|Any CPU
		{A18D487D-9578-4C28-9EAB-B3DF12C80673}.Release|Any CPU.Build.0 = Release|Any CPU
		{5B1B5395-691C-4A78-AD86-A60B701DBADB}.Debug|Any CPU.ActiveCfg = Debug|Any CPU
		{5B1B5395-691C-4A78-AD86-A60B701DBADB}.Debug|Any CPU.Build.0 = Debug|Any CPU
		{5B1B5395-691C-4A78-AD86-A60B701DBADB}.Release|Any CPU.ActiveCfg = Release|Any CPU
		{5B1B5395-691C-4A78-AD86-A60B701DBADB}.Release|Any CPU.Build.0 = Release|Any CPU
		{E318645B-3B57-41C3-9226-A55F2966D899}.Debug|Any CPU.ActiveCfg = Debug|Any CPU
		{E318645B-3B57-41C3-9226-A55F2966D899}.Debug|Any CPU.Build.0 = Debug|Any CPU
		{E318645B-3B57-41C3-9226-A55F2966D899}.Release|Any CPU.ActiveCfg = Release|Any CPU
		{E318645B-3B57-41C3-9226-A55F2966D899}.Release|Any CPU.Build.0 = Release|Any CPU
		{D981C8DA-9371-4599-A00A-9DC297839199}.Debug|Any CPU.ActiveCfg = Debug|Any CPU
		{D981C8DA-9371-4599-A00A-9DC297839199}.Debug|Any CPU.Build.0 = Debug|Any CPU
		{D981C8DA-9371-4599-A00A-9DC297839199}.Release|Any CPU.ActiveCfg = Release|Any CPU
		{D981C8DA-9371-4599-A00A-9DC297839199}.Release|Any CPU.Build.0 = Release|Any CPU
		{B45E6B95-80DB-4691-AA86-7676E9BC21D1}.Debug|Any CPU.ActiveCfg = Debug|Any CPU
		{B45E6B95-80DB-4691-AA86-7676E9BC21D1}.Debug|Any CPU.Build.0 = Debug|Any CPU
		{B45E6B95-80DB-4691-AA86-7676E9BC21D1}.Release|Any CPU.ActiveCfg = Release|Any CPU
		{B45E6B95-80DB-4691-AA86-7676E9BC21D1}.Release|Any CPU.Build.0 = Release|Any CPU
		{60A03A53-13E7-411F-941E-284C20990B9A}.Debug|Any CPU.ActiveCfg = Debug|Any CPU
		{60A03A53-13E7-411F-941E-284C20990B9A}.Debug|Any CPU.Build.0 = Debug|Any CPU
		{60A03A53-13E7-411F-941E-284C20990B9A}.Release|Any CPU.ActiveCfg = Release|Any CPU
		{60A03A53-13E7-411F-941E-284C20990B9A}.Release|Any CPU.Build.0 = Release|Any CPU
		{FEDBF380-0CF8-4D31-B81C-134E668C083A}.Debug|Any CPU.ActiveCfg = Debug|Any CPU
		{FEDBF380-0CF8-4D31-B81C-134E668C083A}.Debug|Any CPU.Build.0 = Debug|Any CPU
		{FEDBF380-0CF8-4D31-B81C-134E668C083A}.Release|Any CPU.ActiveCfg = Release|Any CPU
		{FEDBF380-0CF8-4D31-B81C-134E668C083A}.Release|Any CPU.Build.0 = Release|Any CPU
		{4D868053-C972-48E2-9022-FDD7A8318ED1}.Debug|Any CPU.ActiveCfg = Debug|Any CPU
		{4D868053-C972-48E2-9022-FDD7A8318ED1}.Debug|Any CPU.Build.0 = Debug|Any CPU
		{4D868053-C972-48E2-9022-FDD7A8318ED1}.Release|Any CPU.ActiveCfg = Release|Any CPU
		{4D868053-C972-48E2-9022-FDD7A8318ED1}.Release|Any CPU.Build.0 = Release|Any CPU
		{BDB0A2BD-47FB-4A0D-AFF5-18323CBDD11E}.Debug|Any CPU.ActiveCfg = Debug|Any CPU
		{BDB0A2BD-47FB-4A0D-AFF5-18323CBDD11E}.Debug|Any CPU.Build.0 = Debug|Any CPU
		{BDB0A2BD-47FB-4A0D-AFF5-18323CBDD11E}.Release|Any CPU.ActiveCfg = Release|Any CPU
		{BDB0A2BD-47FB-4A0D-AFF5-18323CBDD11E}.Release|Any CPU.Build.0 = Release|Any CPU
		{3514D516-8691-4783-8B84-DC1638230758}.Debug|Any CPU.ActiveCfg = Debug|Any CPU
		{3514D516-8691-4783-8B84-DC1638230758}.Debug|Any CPU.Build.0 = Debug|Any CPU
		{3514D516-8691-4783-8B84-DC1638230758}.Release|Any CPU.ActiveCfg = Release|Any CPU
		{3514D516-8691-4783-8B84-DC1638230758}.Release|Any CPU.Build.0 = Release|Any CPU
		{A64BD042-5573-4CC0-84D9-EE306B19C320}.Debug|Any CPU.ActiveCfg = Debug|Any CPU
		{A64BD042-5573-4CC0-84D9-EE306B19C320}.Debug|Any CPU.Build.0 = Debug|Any CPU
		{A64BD042-5573-4CC0-84D9-EE306B19C320}.Release|Any CPU.ActiveCfg = Release|Any CPU
		{A64BD042-5573-4CC0-84D9-EE306B19C320}.Release|Any CPU.Build.0 = Release|Any CPU
		{37856341-7A1B-46BA-9F04-0B572E333415}.Debug|Any CPU.ActiveCfg = Debug|Any CPU
		{37856341-7A1B-46BA-9F04-0B572E333415}.Debug|Any CPU.Build.0 = Debug|Any CPU
		{37856341-7A1B-46BA-9F04-0B572E333415}.Release|Any CPU.ActiveCfg = Release|Any CPU
		{37856341-7A1B-46BA-9F04-0B572E333415}.Release|Any CPU.Build.0 = Release|Any CPU
	EndGlobalSection
	GlobalSection(SolutionProperties) = preSolution
		HideSolutionNode = FALSE
	EndGlobalSection
EndGlobal
