
Microsoft Visual Studio Solution File, Format Version 12.00
# Visual Studio 2013
VisualStudioVersion = 12.0.21005.1
MinimumVisualStudioVersion = 10.0.40219.1
Project("{FAE04EC0-301F-11D3-BF4B-00C04F79EFBC}") = "Hello-World", "E:\Intro-Programming-Homework\Hello-World\Hello-World.csproj", "{D5A73793-48B0-4CE1-824E-C39A27A7AB77}"
EndProject
Project("{FAE04EC0-301F-11D3-BF4B-00C04F79EFBC}") = "PrintNumbers", "E:\Intro-Programming-Homework\PrintNumbers\PrintNumbers.csproj", "{2DB6924E-0EAA-4491-8271-47FFC7119C9A}"
EndProject
Project("{FAE04EC0-301F-11D3-BF4B-00C04F79EFBC}") = "Square Root", "E:\Intro-Programming-Homework\Square Root\Square Root.csproj", "{DCAEC61D-67F2-4F60-B926-F1AF1715580A}"
EndProject
Project("{FAE04EC0-301F-11D3-BF4B-00C04F79EFBC}") = "ShortSequence", "E:\Intro-Programming-Homework\PrintLongSequence\ShortSequence.csproj", "{51CA1D23-513E-4E38-8B89-A1D7CA33C382}"
EndProject
Project("{FAE04EC0-301F-11D3-BF4B-00C04F79EFBC}") = "yAgeV3", "E:\Intro-Programming-Homework\Age_after10Years\yAgeV3.csproj", "{C5323196-314B-435C-A43B-7D631C44C73F}"
EndProject
Project("{FAE04EC0-301F-11D3-BF4B-00C04F79EFBC}") = "yAgeV1", "ConsoleApplication2\yAgeV1.csproj", "{2D286F37-E86F-4D0B-B889-58A80F05B691}"
EndProject
Project("{FAE04EC0-301F-11D3-BF4B-00C04F79EFBC}") = "yearsV2", "ConsoleApplication3\yearsV2.csproj", "{2A2D2BAB-C3FA-4C0F-86FD-39AF83F0904B}"
EndProject
Project("{FAE04EC0-301F-11D3-BF4B-00C04F79EFBC}") = "LongSequence", "PrinLongSequence\LongSequence.csproj", "{77D6A2AD-5E4F-422C-A7D5-0FA6ADCCBEE3}"
EndProject
Global
	GlobalSection(SolutionConfigurationPlatforms) = preSolution
		Debug|Any CPU = Debug|Any CPU
		Release|Any CPU = Release|Any CPU
	EndGlobalSection
	GlobalSection(ProjectConfigurationPlatforms) = postSolution
		{D5A73793-48B0-4CE1-824E-C39A27A7AB77}.Debug|Any CPU.ActiveCfg = Debug|Any CPU
		{D5A73793-48B0-4CE1-824E-C39A27A7AB77}.Debug|Any CPU.Build.0 = Debug|Any CPU
		{D5A73793-48B0-4CE1-824E-C39A27A7AB77}.Release|Any CPU.ActiveCfg = Release|Any CPU
		{D5A73793-48B0-4CE1-824E-C39A27A7AB77}.Release|Any CPU.Build.0 = Release|Any CPU
		{2DB6924E-0EAA-4491-8271-47FFC7119C9A}.Debug|Any CPU.ActiveCfg = Debug|Any CPU
		{2DB6924E-0EAA-4491-8271-47FFC7119C9A}.Debug|Any CPU.Build.0 = Debug|Any CPU
		{2DB6924E-0EAA-4491-8271-47FFC7119C9A}.Release|Any CPU.ActiveCfg = Release|Any CPU
		{2DB6924E-0EAA-4491-8271-47FFC7119C9A}.Release|Any CPU.Build.0 = Release|Any CPU
		{DCAEC61D-67F2-4F60-B926-F1AF1715580A}.Debug|Any CPU.ActiveCfg = Debug|Any CPU
		{DCAEC61D-67F2-4F60-B926-F1AF1715580A}.Debug|Any CPU.Build.0 = Debug|Any CPU
		{DCAEC61D-67F2-4F60-B926-F1AF1715580A}.Release|Any CPU.ActiveCfg = Release|Any CPU
		{DCAEC61D-67F2-4F60-B926-F1AF1715580A}.Release|Any CPU.Build.0 = Release|Any CPU
		{51CA1D23-513E-4E38-8B89-A1D7CA33C382}.Debug|Any CPU.ActiveCfg = Debug|Any CPU
		{51CA1D23-513E-4E38-8B89-A1D7CA33C382}.Debug|Any CPU.Build.0 = Debug|Any CPU
		{51CA1D23-513E-4E38-8B89-A1D7CA33C382}.Release|Any CPU.ActiveCfg = Release|Any CPU
		{51CA1D23-513E-4E38-8B89-A1D7CA33C382}.Release|Any CPU.Build.0 = Release|Any CPU
		{C5323196-314B-435C-A43B-7D631C44C73F}.Debug|Any CPU.ActiveCfg = Debug|Any CPU
		{C5323196-314B-435C-A43B-7D631C44C73F}.Debug|Any CPU.Build.0 = Debug|Any CPU
		{C5323196-314B-435C-A43B-7D631C44C73F}.Release|Any CPU.ActiveCfg = Release|Any CPU
		{C5323196-314B-435C-A43B-7D631C44C73F}.Release|Any CPU.Build.0 = Release|Any CPU
		{2D286F37-E86F-4D0B-B889-58A80F05B691}.Debug|Any CPU.ActiveCfg = Debug|Any CPU
		{2D286F37-E86F-4D0B-B889-58A80F05B691}.Debug|Any CPU.Build.0 = Debug|Any CPU
		{2D286F37-E86F-4D0B-B889-58A80F05B691}.Release|Any CPU.ActiveCfg = Release|Any CPU
		{2D286F37-E86F-4D0B-B889-58A80F05B691}.Release|Any CPU.Build.0 = Release|Any CPU
		{2A2D2BAB-C3FA-4C0F-86FD-39AF83F0904B}.Debug|Any CPU.ActiveCfg = Debug|Any CPU
		{2A2D2BAB-C3FA-4C0F-86FD-39AF83F0904B}.Debug|Any CPU.Build.0 = Debug|Any CPU
		{2A2D2BAB-C3FA-4C0F-86FD-39AF83F0904B}.Release|Any CPU.ActiveCfg = Release|Any CPU
		{2A2D2BAB-C3FA-4C0F-86FD-39AF83F0904B}.Release|Any CPU.Build.0 = Release|Any CPU
		{77D6A2AD-5E4F-422C-A7D5-0FA6ADCCBEE3}.Debug|Any CPU.ActiveCfg = Debug|Any CPU
		{77D6A2AD-5E4F-422C-A7D5-0FA6ADCCBEE3}.Debug|Any CPU.Build.0 = Debug|Any CPU
		{77D6A2AD-5E4F-422C-A7D5-0FA6ADCCBEE3}.Release|Any CPU.ActiveCfg = Release|Any CPU
		{77D6A2AD-5E4F-422C-A7D5-0FA6ADCCBEE3}.Release|Any CPU.Build.0 = Release|Any CPU
	EndGlobalSection
	GlobalSection(SolutionProperties) = preSolution
		HideSolutionNode = FALSE
	EndGlobalSection
EndGlobal
